
Microsoft Visual Studio Solution File, Format Version 12.00
# Visual Studio 15
VisualStudioVersion = 15.0.27703.2047
MinimumVisualStudioVersion = 10.0.40219.1
Project("{FAE04EC0-301F-11D3-BF4B-00C04F79EFBC}") = "CarStorage", "CarStorage\CarStorage.csproj", "{6239F20B-A697-489A-9EB4-FF0C3A8172EB}"
EndProject
Global
	GlobalSection(SolutionConfigurationPlatforms) = preSolution
		Debug|Any CPU = Debug|Any CPU
		Release|Any CPU = Release|Any CPU
	EndGlobalSection
	GlobalSection(ProjectConfigurationPlatforms) = postSolution
		{6239F20B-A697-489A-9EB4-FF0C3A8172EB}.Debug|Any CPU.ActiveCfg = Debug|Any CPU
		{6239F20B-A697-489A-9EB4-FF0C3A8172EB}.Debug|Any CPU.Build.0 = Debug|Any CPU
		{6239F20B-A697-489A-9EB4-FF0C3A8172EB}.Release|Any CPU.ActiveCfg = Release|Any CPU
		{6239F20B-A697-489A-9EB4-FF0C3A8172EB}.Release|Any CPU.Build.0 = Release|Any CPU
	EndGlobalSection
	GlobalSection(SolutionProperties) = preSolution
		HideSolutionNode = FALSE
	EndGlobalSection
	GlobalSection(ExtensibilityGlobals) = postSolution
		SolutionGuid = {F906D190-B13A-4AAB-97BF-904447607FFE}
	EndGlobalSection
EndGlobal
